
Microsoft Visual Studio Solution File, Format Version 12.00
# Visual Studio Version 17
VisualStudioVersion = 17.3.32929.385
MinimumVisualStudioVersion = 10.0.40219.1
Project("{9A19103F-16F7-4668-BE54-9A1E7A4F7556}") = "HouseRentingSystem", "HouseRentingSystem\HouseRentingSystem.csproj", "{80C77AEA-67C3-45EE-B4AB-9AC38C8EC498}"
EndProject
Project("{9A19103F-16F7-4668-BE54-9A1E7A4F7556}") = "HouseRentingSystem.Infrastructure", "HouseRentingSystem.Infrastructure\HouseRentingSystem.Infrastructure.csproj", "{1383402E-09A6-4A50-A768-F076BA8085D5}"
EndProject
Project("{9A19103F-16F7-4668-BE54-9A1E7A4F7556}") = "HouseRentingSystem.Core", "HouseRentingSystem.Core\HouseRentingSystem.Core.csproj", "{FFD1126D-910D-49DC-B32C-2EA7D1BFF6EE}"
EndProject
Project("{FAE04EC0-301F-11D3-BF4B-00C04F79EFBC}") = "HouseRentingSystem.WebApi", "HouseRentingSystem.WebApi\HouseRentingSystem.WebApi.csproj", "{95D259C8-E251-45AA-857A-F25F6ECD9F99}"
EndProject
Global
	GlobalSection(SolutionConfigurationPlatforms) = preSolution
		Debug|Any CPU = Debug|Any CPU
		Release|Any CPU = Release|Any CPU
	EndGlobalSection
	GlobalSection(ProjectConfigurationPlatforms) = postSolution
		{80C77AEA-67C3-45EE-B4AB-9AC38C8EC498}.Debug|Any CPU.ActiveCfg = Debug|Any CPU
		{80C77AEA-67C3-45EE-B4AB-9AC38C8EC498}.Debug|Any CPU.Build.0 = Debug|Any CPU
		{80C77AEA-67C3-45EE-B4AB-9AC38C8EC498}.Release|Any CPU.ActiveCfg = Release|Any CPU
		{80C77AEA-67C3-45EE-B4AB-9AC38C8EC498}.Release|Any CPU.Build.0 = Release|Any CPU
		{1383402E-09A6-4A50-A768-F076BA8085D5}.Debug|Any CPU.ActiveCfg = Debug|Any CPU
		{1383402E-09A6-4A50-A768-F076BA8085D5}.Debug|Any CPU.Build.0 = Debug|Any CPU
		{1383402E-09A6-4A50-A768-F076BA8085D5}.Release|Any CPU.ActiveCfg = Release|Any CPU
		{1383402E-09A6-4A50-A768-F076BA8085D5}.Release|Any CPU.Build.0 = Release|Any CPU
		{FFD1126D-910D-49DC-B32C-2EA7D1BFF6EE}.Debug|Any CPU.ActiveCfg = Debug|Any CPU
		{FFD1126D-910D-49DC-B32C-2EA7D1BFF6EE}.Debug|Any CPU.Build.0 = Debug|Any CPU
		{FFD1126D-910D-49DC-B32C-2EA7D1BFF6EE}.Release|Any CPU.ActiveCfg = Release|Any CPU
		{FFD1126D-910D-49DC-B32C-2EA7D1BFF6EE}.Release|Any CPU.Build.0 = Release|Any CPU
		{95D259C8-E251-45AA-857A-F25F6ECD9F99}.Debug|Any CPU.ActiveCfg = Debug|Any CPU
		{95D259C8-E251-45AA-857A-F25F6ECD9F99}.Debug|Any CPU.Build.0 = Debug|Any CPU
		{95D259C8-E251-45AA-857A-F25F6ECD9F99}.Release|Any CPU.ActiveCfg = Release|Any CPU
		{95D259C8-E251-45AA-857A-F25F6ECD9F99}.Release|Any CPU.Build.0 = Release|Any CPU
	EndGlobalSection
	GlobalSection(SolutionProperties) = preSolution
		HideSolutionNode = FALSE
	EndGlobalSection
	GlobalSection(ExtensibilityGlobals) = postSolution
		SolutionGuid = {4FA5AD9E-B2CE-4FE3-B7F4-11586F5495EF}
	EndGlobalSection
EndGlobal
