
Microsoft Visual Studio Solution File, Format Version 12.00
# Visual Studio Version 17
VisualStudioVersion = 17.3.32929.385
MinimumVisualStudioVersion = 10.0.40219.1
Project("{FAE04EC0-301F-11D3-BF4B-00C04F79EFBC}") = "HouseRentingSystem", "HouseRentingSystem\HouseRentingSystem.csproj", "{80C77AEA-67C3-45EE-B4AB-9AC38C8EC498}"
EndProject
Global
	GlobalSection(SolutionConfigurationPlatforms) = preSolution
		Debug|Any CPU = Debug|Any CPU
		Release|Any CPU = Release|Any CPU
	EndGlobalSection
	GlobalSection(ProjectConfigurationPlatforms) = postSolution
		{80C77AEA-67C3-45EE-B4AB-9AC38C8EC498}.Debug|Any CPU.ActiveCfg = Debug|Any CPU
		{80C77AEA-67C3-45EE-B4AB-9AC38C8EC498}.Debug|Any CPU.Build.0 = Debug|Any CPU
		{80C77AEA-67C3-45EE-B4AB-9AC38C8EC498}.Release|Any CPU.ActiveCfg = Release|Any CPU
		{80C77AEA-67C3-45EE-B4AB-9AC38C8EC498}.Release|Any CPU.Build.0 = Release|Any CPU
	EndGlobalSection
	GlobalSection(SolutionProperties) = preSolution
		HideSolutionNode = FALSE
	EndGlobalSection
	GlobalSection(ExtensibilityGlobals) = postSolution
		SolutionGuid = {4FA5AD9E-B2CE-4FE3-B7F4-11586F5495EF}
	EndGlobalSection
EndGlobal
